
Microsoft Visual Studio Solution File, Format Version 12.00
# Visual Studio Version 17
VisualStudioVersion = 17.1.32407.343
MinimumVisualStudioVersion = 10.0.40219.1
Project("{2150E333-8FDC-42A3-9474-1A3956D46DE8}") = "Core", "Core", "{9DC81E2F-DB10-4B1B-B391-63A10424ADAD}"
EndProject
Project("{2150E333-8FDC-42A3-9474-1A3956D46DE8}") = "UI", "UI", "{868A3E62-6016-4438-B8DE-39A9CB1DEDAD}"
EndProject
Project("{2150E333-8FDC-42A3-9474-1A3956D46DE8}") = "Desktop", "Desktop", "{EC134C1B-79FC-47D0-8CB7-24C2429CE15F}"
EndProject
Project("{2150E333-8FDC-42A3-9474-1A3956D46DE8}") = "Web", "Web", "{8AB55EEA-7EE9-4C7D-A2EC-1753D7B006B6}"
EndProject
Project("{2150E333-8FDC-42A3-9474-1A3956D46DE8}") = "API", "API", "{90E83E52-4C2D-4F45-96B7-31AB16405A05}"
EndProject
Project("{2150E333-8FDC-42A3-9474-1A3956D46DE8}") = "Identity", "Identity", "{91E5AB1C-BA00-442D-A21F-AAAFA4A5A5EA}"
EndProject
Project("{2150E333-8FDC-42A3-9474-1A3956D46DE8}") = "Shared", "Shared", "{917F3DDC-D41A-4543-9F68-274961F10089}"
EndProject
Project("{9A19103F-16F7-4668-BE54-9A1E7A4F7556}") = "MusicPlayer.IdentityService", "src\Core\Identity\MusicPlayer.IdentityService\MusicPlayer.IdentityService.csproj", "{9DEDB95E-BB8B-4376-8E1F-CA5B70723963}"
EndProject
Project("{9A19103F-16F7-4668-BE54-9A1E7A4F7556}") = "MusicPlayer.IdentityService.Domain", "src\Core\Identity\MusicPlayer.IdentityService.Domain\MusicPlayer.IdentityService.Domain.csproj", "{EF0A5693-69A7-4DB9-9582-A2A8DFFF11C6}"
EndProject
Project("{9A19103F-16F7-4668-BE54-9A1E7A4F7556}") = "MusicPlayer.IdentityService.Application", "src\Core\Identity\MusicPlayer.IdentityService.Application\MusicPlayer.IdentityService.Application.csproj", "{990BAB7D-B8C2-4FD7-9C08-DC794B3B6F89}"
EndProject
Project("{9A19103F-16F7-4668-BE54-9A1E7A4F7556}") = "MusicPlayer.IdentityService.Persistence", "src\Core\Identity\MusicPlayer.IdentityService.Persistence\MusicPlayer.IdentityService.Persistence.csproj", "{26B9D109-6B07-4F9D-B8A5-638131B6E6C6}"
EndProject
Project("{9A19103F-16F7-4668-BE54-9A1E7A4F7556}") = "MusicPlayer.API.Library", "src\Core\API\LibraryAPI\MusicPlayer.API.Library\MusicPlayer.API.Library.csproj", "{33384BC4-88D9-4795-B62C-D07843A1C3C9}"
EndProject
Project("{2150E333-8FDC-42A3-9474-1A3956D46DE8}") = "LibraryAPI", "LibraryAPI", "{DB213B8A-847B-4C0C-B5B6-DED832AC4FB8}"
EndProject
Project("{9A19103F-16F7-4668-BE54-9A1E7A4F7556}") = "MusicPlayer.API.Library.Application", "src\Core\API\LibraryAPI\MusicPlayer.API.Library.Application\MusicPlayer.API.Library.Application.csproj", "{4E004A61-7E1A-4EF8-9DEA-C472103E0665}"
EndProject
Project("{9A19103F-16F7-4668-BE54-9A1E7A4F7556}") = "MusicPlayer.API.Library.Domain", "src\Core\API\LibraryAPI\MusicPlayer.API.Library.Domain\MusicPlayer.API.Library.Domain.csproj", "{45DA8516-539A-4DC1-8BDA-E87058E40957}"
EndProject
Project("{9A19103F-16F7-4668-BE54-9A1E7A4F7556}") = "MusicPlayer.API.Library.Persistence", "src\Core\API\LibraryAPI\MusicPlayer.API.Library.Persistence\MusicPlayer.API.Library.Persistence.csproj", "{062262A5-86C0-455D-90F4-42E8EC5A8068}"
EndProject
Project("{E53339B2-1760-4266-BCC7-CA923CBCF16C}") = "docker-compose", "docker-compose.dcproj", "{E924FF2C-E49C-45E1-A138-DA088B75F0A9}"
EndProject
Project("{FAE04EC0-301F-11D3-BF4B-00C04F79EFBC}") = "ServerApp.Base", "src\Shared\ServerApp.Base\ServerApp.Base.csproj", "{A80CC652-CC90-4B53-894B-24B03EBE2960}"
EndProject
Project("{FAE04EC0-301F-11D3-BF4B-00C04F79EFBC}") = "ServerApp.WebApp.Base", "src\Shared\ServerApp.WebApp.Base\ServerApp.WebApp.Base.csproj", "{C47826CC-6149-4798-AF99-5825F9162B20}"
EndProject
Project("{2150E333-8FDC-42A3-9474-1A3956D46DE8}") = "WPF", "WPF", "{30A7162A-C68A-4CC4-902D-873F7D41B7DE}"
EndProject
Project("{FAE04EC0-301F-11D3-BF4B-00C04F79EFBC}") = "MusicPlayer.App.WPF", "src\UI\Desktop\WPF\MusicPlayer.App.WPF\MusicPlayer.App.WPF.csproj", "{1A6B37AE-9FBE-45E7-AE2A-5C87363415C6}"
EndProject
Project("{FAE04EC0-301F-11D3-BF4B-00C04F79EFBC}") = "MusicPlayer.App.WPF.Domain", "src\UI\Desktop\WPF\MusicPlayer.App.WPF.Domain\MusicPlayer.App.WPF.Domain.csproj", "{F66951E7-A3E6-49A8-BED9-61ACB2062B53}"
EndProject
Global
	GlobalSection(SolutionConfigurationPlatforms) = preSolution
		Debug|Any CPU = Debug|Any CPU
		Release|Any CPU = Release|Any CPU
	EndGlobalSection
	GlobalSection(ProjectConfigurationPlatforms) = postSolution
		{9DEDB95E-BB8B-4376-8E1F-CA5B70723963}.Debug|Any CPU.ActiveCfg = Debug|Any CPU
		{9DEDB95E-BB8B-4376-8E1F-CA5B70723963}.Debug|Any CPU.Build.0 = Debug|Any CPU
		{9DEDB95E-BB8B-4376-8E1F-CA5B70723963}.Release|Any CPU.ActiveCfg = Release|Any CPU
		{9DEDB95E-BB8B-4376-8E1F-CA5B70723963}.Release|Any CPU.Build.0 = Release|Any CPU
		{EF0A5693-69A7-4DB9-9582-A2A8DFFF11C6}.Debug|Any CPU.ActiveCfg = Debug|Any CPU
		{EF0A5693-69A7-4DB9-9582-A2A8DFFF11C6}.Debug|Any CPU.Build.0 = Debug|Any CPU
		{EF0A5693-69A7-4DB9-9582-A2A8DFFF11C6}.Release|Any CPU.ActiveCfg = Release|Any CPU
		{EF0A5693-69A7-4DB9-9582-A2A8DFFF11C6}.Release|Any CPU.Build.0 = Release|Any CPU
		{990BAB7D-B8C2-4FD7-9C08-DC794B3B6F89}.Debug|Any CPU.ActiveCfg = Debug|Any CPU
		{990BAB7D-B8C2-4FD7-9C08-DC794B3B6F89}.Debug|Any CPU.Build.0 = Debug|Any CPU
		{990BAB7D-B8C2-4FD7-9C08-DC794B3B6F89}.Release|Any CPU.ActiveCfg = Release|Any CPU
		{990BAB7D-B8C2-4FD7-9C08-DC794B3B6F89}.Release|Any CPU.Build.0 = Release|Any CPU
		{26B9D109-6B07-4F9D-B8A5-638131B6E6C6}.Debug|Any CPU.ActiveCfg = Debug|Any CPU
		{26B9D109-6B07-4F9D-B8A5-638131B6E6C6}.Debug|Any CPU.Build.0 = Debug|Any CPU
		{26B9D109-6B07-4F9D-B8A5-638131B6E6C6}.Release|Any CPU.ActiveCfg = Release|Any CPU
		{26B9D109-6B07-4F9D-B8A5-638131B6E6C6}.Release|Any CPU.Build.0 = Release|Any CPU
		{33384BC4-88D9-4795-B62C-D07843A1C3C9}.Debug|Any CPU.ActiveCfg = Debug|Any CPU
		{33384BC4-88D9-4795-B62C-D07843A1C3C9}.Debug|Any CPU.Build.0 = Debug|Any CPU
		{33384BC4-88D9-4795-B62C-D07843A1C3C9}.Release|Any CPU.ActiveCfg = Release|Any CPU
		{33384BC4-88D9-4795-B62C-D07843A1C3C9}.Release|Any CPU.Build.0 = Release|Any CPU
		{4E004A61-7E1A-4EF8-9DEA-C472103E0665}.Debug|Any CPU.ActiveCfg = Debug|Any CPU
		{4E004A61-7E1A-4EF8-9DEA-C472103E0665}.Debug|Any CPU.Build.0 = Debug|Any CPU
		{4E004A61-7E1A-4EF8-9DEA-C472103E0665}.Release|Any CPU.ActiveCfg = Release|Any CPU
		{4E004A61-7E1A-4EF8-9DEA-C472103E0665}.Release|Any CPU.Build.0 = Release|Any CPU
		{45DA8516-539A-4DC1-8BDA-E87058E40957}.Debug|Any CPU.ActiveCfg = Debug|Any CPU
		{45DA8516-539A-4DC1-8BDA-E87058E40957}.Debug|Any CPU.Build.0 = Debug|Any CPU
		{45DA8516-539A-4DC1-8BDA-E87058E40957}.Release|Any CPU.ActiveCfg = Release|Any CPU
		{45DA8516-539A-4DC1-8BDA-E87058E40957}.Release|Any CPU.Build.0 = Release|Any CPU
		{062262A5-86C0-455D-90F4-42E8EC5A8068}.Debug|Any CPU.ActiveCfg = Debug|Any CPU
		{062262A5-86C0-455D-90F4-42E8EC5A8068}.Debug|Any CPU.Build.0 = Debug|Any CPU
		{062262A5-86C0-455D-90F4-42E8EC5A8068}.Release|Any CPU.ActiveCfg = Release|Any CPU
		{062262A5-86C0-455D-90F4-42E8EC5A8068}.Release|Any CPU.Build.0 = Release|Any CPU
		{E924FF2C-E49C-45E1-A138-DA088B75F0A9}.Debug|Any CPU.ActiveCfg = Debug|Any CPU
		{E924FF2C-E49C-45E1-A138-DA088B75F0A9}.Debug|Any CPU.Build.0 = Debug|Any CPU
		{E924FF2C-E49C-45E1-A138-DA088B75F0A9}.Release|Any CPU.ActiveCfg = Release|Any CPU
		{E924FF2C-E49C-45E1-A138-DA088B75F0A9}.Release|Any CPU.Build.0 = Release|Any CPU
		{A80CC652-CC90-4B53-894B-24B03EBE2960}.Debug|Any CPU.ActiveCfg = Debug|Any CPU
		{A80CC652-CC90-4B53-894B-24B03EBE2960}.Debug|Any CPU.Build.0 = Debug|Any CPU
		{A80CC652-CC90-4B53-894B-24B03EBE2960}.Release|Any CPU.ActiveCfg = Release|Any CPU
		{A80CC652-CC90-4B53-894B-24B03EBE2960}.Release|Any CPU.Build.0 = Release|Any CPU
		{C47826CC-6149-4798-AF99-5825F9162B20}.Debug|Any CPU.ActiveCfg = Debug|Any CPU
		{C47826CC-6149-4798-AF99-5825F9162B20}.Debug|Any CPU.Build.0 = Debug|Any CPU
		{C47826CC-6149-4798-AF99-5825F9162B20}.Release|Any CPU.ActiveCfg = Release|Any CPU
		{C47826CC-6149-4798-AF99-5825F9162B20}.Release|Any CPU.Build.0 = Release|Any CPU
		{1A6B37AE-9FBE-45E7-AE2A-5C87363415C6}.Debug|Any CPU.ActiveCfg = Debug|Any CPU
		{1A6B37AE-9FBE-45E7-AE2A-5C87363415C6}.Debug|Any CPU.Build.0 = Debug|Any CPU
		{1A6B37AE-9FBE-45E7-AE2A-5C87363415C6}.Release|Any CPU.ActiveCfg = Release|Any CPU
		{1A6B37AE-9FBE-45E7-AE2A-5C87363415C6}.Release|Any CPU.Build.0 = Release|Any CPU
		{F66951E7-A3E6-49A8-BED9-61ACB2062B53}.Debug|Any CPU.ActiveCfg = Debug|Any CPU
		{F66951E7-A3E6-49A8-BED9-61ACB2062B53}.Debug|Any CPU.Build.0 = Debug|Any CPU
		{F66951E7-A3E6-49A8-BED9-61ACB2062B53}.Release|Any CPU.ActiveCfg = Release|Any CPU
		{F66951E7-A3E6-49A8-BED9-61ACB2062B53}.Release|Any CPU.Build.0 = Release|Any CPU
	EndGlobalSection
	GlobalSection(SolutionProperties) = preSolution
		HideSolutionNode = FALSE
	EndGlobalSection
	GlobalSection(NestedProjects) = preSolution
		{EC134C1B-79FC-47D0-8CB7-24C2429CE15F} = {868A3E62-6016-4438-B8DE-39A9CB1DEDAD}
		{8AB55EEA-7EE9-4C7D-A2EC-1753D7B006B6} = {868A3E62-6016-4438-B8DE-39A9CB1DEDAD}
		{90E83E52-4C2D-4F45-96B7-31AB16405A05} = {9DC81E2F-DB10-4B1B-B391-63A10424ADAD}
		{91E5AB1C-BA00-442D-A21F-AAAFA4A5A5EA} = {9DC81E2F-DB10-4B1B-B391-63A10424ADAD}
		{9DEDB95E-BB8B-4376-8E1F-CA5B70723963} = {91E5AB1C-BA00-442D-A21F-AAAFA4A5A5EA}
		{EF0A5693-69A7-4DB9-9582-A2A8DFFF11C6} = {91E5AB1C-BA00-442D-A21F-AAAFA4A5A5EA}
		{990BAB7D-B8C2-4FD7-9C08-DC794B3B6F89} = {91E5AB1C-BA00-442D-A21F-AAAFA4A5A5EA}
		{26B9D109-6B07-4F9D-B8A5-638131B6E6C6} = {91E5AB1C-BA00-442D-A21F-AAAFA4A5A5EA}
		{33384BC4-88D9-4795-B62C-D07843A1C3C9} = {DB213B8A-847B-4C0C-B5B6-DED832AC4FB8}
		{DB213B8A-847B-4C0C-B5B6-DED832AC4FB8} = {90E83E52-4C2D-4F45-96B7-31AB16405A05}
		{4E004A61-7E1A-4EF8-9DEA-C472103E0665} = {DB213B8A-847B-4C0C-B5B6-DED832AC4FB8}
		{45DA8516-539A-4DC1-8BDA-E87058E40957} = {DB213B8A-847B-4C0C-B5B6-DED832AC4FB8}
		{062262A5-86C0-455D-90F4-42E8EC5A8068} = {DB213B8A-847B-4C0C-B5B6-DED832AC4FB8}
		{A80CC652-CC90-4B53-894B-24B03EBE2960} = {917F3DDC-D41A-4543-9F68-274961F10089}
		{C47826CC-6149-4798-AF99-5825F9162B20} = {917F3DDC-D41A-4543-9F68-274961F10089}
		{30A7162A-C68A-4CC4-902D-873F7D41B7DE} = {EC134C1B-79FC-47D0-8CB7-24C2429CE15F}
		{1A6B37AE-9FBE-45E7-AE2A-5C87363415C6} = {30A7162A-C68A-4CC4-902D-873F7D41B7DE}
		{F66951E7-A3E6-49A8-BED9-61ACB2062B53} = {30A7162A-C68A-4CC4-902D-873F7D41B7DE}
	EndGlobalSection
	GlobalSection(ExtensibilityGlobals) = postSolution
		SolutionGuid = {F4B3080D-43B5-4B2D-BE71-FBCA601144A8}
	EndGlobalSection
EndGlobal
