
Microsoft Visual Studio Solution File, Format Version 12.00
# Visual Studio Version 16
VisualStudioVersion = 16.0.31205.134
MinimumVisualStudioVersion = 10.0.40219.1
Project("{FAE04EC0-301F-11D3-BF4B-00C04F79EFBC}") = "MusicPlayerProject", "MusicPlayerProject.csproj", "{21F418F0-A17D-4F6B-B2F4-C1080E07FE75}"
EndProject
Global
	GlobalSection(SolutionConfigurationPlatforms) = preSolution
		Debug|Any CPU = Debug|Any CPU
		Release|Any CPU = Release|Any CPU
	EndGlobalSection
	GlobalSection(ProjectConfigurationPlatforms) = postSolution
		{21F418F0-A17D-4F6B-B2F4-C1080E07FE75}.Debug|Any CPU.ActiveCfg = Debug|Any CPU
		{21F418F0-A17D-4F6B-B2F4-C1080E07FE75}.Debug|Any CPU.Build.0 = Debug|Any CPU
		{21F418F0-A17D-4F6B-B2F4-C1080E07FE75}.Release|Any CPU.ActiveCfg = Release|Any CPU
		{21F418F0-A17D-4F6B-B2F4-C1080E07FE75}.Release|Any CPU.Build.0 = Release|Any CPU
	EndGlobalSection
	GlobalSection(SolutionProperties) = preSolution
		HideSolutionNode = FALSE
	EndGlobalSection
	GlobalSection(ExtensibilityGlobals) = postSolution
		SolutionGuid = {F4B3080D-43B5-4B2D-BE71-FBCA601144A8}
	EndGlobalSection
EndGlobal
