
Microsoft Visual Studio Solution File, Format Version 12.00
# Visual Studio Version 16
VisualStudioVersion = 16.0.31205.134
MinimumVisualStudioVersion = 10.0.40219.1
Project("{2150E333-8FDC-42A3-9474-1A3956D46DE8}") = "Core", "Core", "{9DC81E2F-DB10-4B1B-B391-63A10424ADAD}"
EndProject
Project("{2150E333-8FDC-42A3-9474-1A3956D46DE8}") = "UI", "UI", "{868A3E62-6016-4438-B8DE-39A9CB1DEDAD}"
EndProject
Project("{2150E333-8FDC-42A3-9474-1A3956D46DE8}") = "Desktop", "Desktop", "{EC134C1B-79FC-47D0-8CB7-24C2429CE15F}"
EndProject
Project("{2150E333-8FDC-42A3-9474-1A3956D46DE8}") = "Web", "Web", "{8AB55EEA-7EE9-4C7D-A2EC-1753D7B006B6}"
EndProject
Project("{2150E333-8FDC-42A3-9474-1A3956D46DE8}") = "API", "API", "{90E83E52-4C2D-4F45-96B7-31AB16405A05}"
EndProject
Project("{2150E333-8FDC-42A3-9474-1A3956D46DE8}") = "Identity", "Identity", "{91E5AB1C-BA00-442D-A21F-AAAFA4A5A5EA}"
EndProject
Project("{FAE04EC0-301F-11D3-BF4B-00C04F79EFBC}") = "MusicPlayer.API.Identity", "src\Core\Identity\MusicPlayer.API.Identity\MusicPlayer.API.Identity.csproj", "{118FA9DF-2637-42D0-ADEC-49E37813F286}"
EndProject
Project("{2150E333-8FDC-42A3-9474-1A3956D46DE8}") = "Base", "Base", "{7EA8732C-70D5-48CC-952D-DA327160EC02}"
EndProject
Project("{FAE04EC0-301F-11D3-BF4B-00C04F79EFBC}") = "MusicPlayer.API.Base", "src\Core\Base\MusicPlayer.API.Base\MusicPlayer.API.Base.csproj", "{D0528FB0-31D7-429D-92BB-E2C38BB9C3F4}"
EndProject
Project("{FAE04EC0-301F-11D3-BF4B-00C04F79EFBC}") = "MusicPlayer.API.Identity.Domain", "src\Core\Identity\MusicPlayer.API.Identity.Domain\MusicPlayer.API.Identity.Domain.csproj", "{676B3C5D-3DA2-44DC-B278-5CAA7C09A74F}"
EndProject
Project("{FAE04EC0-301F-11D3-BF4B-00C04F79EFBC}") = "MusicPlayer.API.Identity.Application", "src\Core\Identity\MusicPlayer.API.Identity.Application\MusicPlayer.API.Identity.Application.csproj", "{E2095D75-91EF-43F9-ADF9-66BE45AD2C72}"
EndProject
Project("{FAE04EC0-301F-11D3-BF4B-00C04F79EFBC}") = "MusicPlayer.API.Identity.Persistence", "src\Core\Identity\MusicPlayer.API.Identity.Persistence\MusicPlayer.API.Identity.Persistence.csproj", "{711D8BE1-F6E8-4EBC-886D-364AEAC6E123}"
EndProject
Project("{2150E333-8FDC-42A3-9474-1A3956D46DE8}") = "Shared", "Shared", "{917F3DDC-D41A-4543-9F68-274961F10089}"
EndProject
Project("{FAE04EC0-301F-11D3-BF4B-00C04F79EFBC}") = "MusicPlayer.Base", "src\Shared\MusicPlayer.Base\MusicPlayer.Base.csproj", "{A509B5A8-D447-4C41-AA52-A142455EF4B4}"
EndProject
Project("{FAE04EC0-301F-11D3-BF4B-00C04F79EFBC}") = "MusicPlayer.WebUI.Authorization", "src\UI\Web\AuthorizationUI\MusicPlayer.WebUI.Authorization\MusicPlayer.WebUI.Authorization.csproj", "{D7891DC6-8007-4E20-A7EE-6274694D739A}"
EndProject
Project("{2150E333-8FDC-42A3-9474-1A3956D46DE8}") = "AuthorizationUI", "AuthorizationUI", "{78C8D021-266C-4A9E-8A91-90A5824535A2}"
EndProject
Project("{FAE04EC0-301F-11D3-BF4B-00C04F79EFBC}") = "MusicPlayer.WebUI.Authorization.Core", "src\UI\Web\AuthorizationUI\MusicPlayer.WebUI.Authorization.Core\MusicPlayer.WebUI.Authorization.Core.csproj", "{51DD1AEF-9F96-4A82-90AD-58D1719411FE}"
EndProject
Global
	GlobalSection(SolutionConfigurationPlatforms) = preSolution
		Debug|Any CPU = Debug|Any CPU
		Release|Any CPU = Release|Any CPU
	EndGlobalSection
	GlobalSection(ProjectConfigurationPlatforms) = postSolution
		{118FA9DF-2637-42D0-ADEC-49E37813F286}.Debug|Any CPU.ActiveCfg = Debug|Any CPU
		{118FA9DF-2637-42D0-ADEC-49E37813F286}.Debug|Any CPU.Build.0 = Debug|Any CPU
		{118FA9DF-2637-42D0-ADEC-49E37813F286}.Release|Any CPU.ActiveCfg = Release|Any CPU
		{118FA9DF-2637-42D0-ADEC-49E37813F286}.Release|Any CPU.Build.0 = Release|Any CPU
		{D0528FB0-31D7-429D-92BB-E2C38BB9C3F4}.Debug|Any CPU.ActiveCfg = Debug|Any CPU
		{D0528FB0-31D7-429D-92BB-E2C38BB9C3F4}.Debug|Any CPU.Build.0 = Debug|Any CPU
		{D0528FB0-31D7-429D-92BB-E2C38BB9C3F4}.Release|Any CPU.ActiveCfg = Release|Any CPU
		{D0528FB0-31D7-429D-92BB-E2C38BB9C3F4}.Release|Any CPU.Build.0 = Release|Any CPU
		{676B3C5D-3DA2-44DC-B278-5CAA7C09A74F}.Debug|Any CPU.ActiveCfg = Debug|Any CPU
		{676B3C5D-3DA2-44DC-B278-5CAA7C09A74F}.Debug|Any CPU.Build.0 = Debug|Any CPU
		{676B3C5D-3DA2-44DC-B278-5CAA7C09A74F}.Release|Any CPU.ActiveCfg = Release|Any CPU
		{676B3C5D-3DA2-44DC-B278-5CAA7C09A74F}.Release|Any CPU.Build.0 = Release|Any CPU
		{E2095D75-91EF-43F9-ADF9-66BE45AD2C72}.Debug|Any CPU.ActiveCfg = Debug|Any CPU
		{E2095D75-91EF-43F9-ADF9-66BE45AD2C72}.Debug|Any CPU.Build.0 = Debug|Any CPU
		{E2095D75-91EF-43F9-ADF9-66BE45AD2C72}.Release|Any CPU.ActiveCfg = Release|Any CPU
		{E2095D75-91EF-43F9-ADF9-66BE45AD2C72}.Release|Any CPU.Build.0 = Release|Any CPU
		{711D8BE1-F6E8-4EBC-886D-364AEAC6E123}.Debug|Any CPU.ActiveCfg = Debug|Any CPU
		{711D8BE1-F6E8-4EBC-886D-364AEAC6E123}.Debug|Any CPU.Build.0 = Debug|Any CPU
		{711D8BE1-F6E8-4EBC-886D-364AEAC6E123}.Release|Any CPU.ActiveCfg = Release|Any CPU
		{711D8BE1-F6E8-4EBC-886D-364AEAC6E123}.Release|Any CPU.Build.0 = Release|Any CPU
		{A509B5A8-D447-4C41-AA52-A142455EF4B4}.Debug|Any CPU.ActiveCfg = Debug|Any CPU
		{A509B5A8-D447-4C41-AA52-A142455EF4B4}.Debug|Any CPU.Build.0 = Debug|Any CPU
		{A509B5A8-D447-4C41-AA52-A142455EF4B4}.Release|Any CPU.ActiveCfg = Release|Any CPU
		{A509B5A8-D447-4C41-AA52-A142455EF4B4}.Release|Any CPU.Build.0 = Release|Any CPU
		{D7891DC6-8007-4E20-A7EE-6274694D739A}.Debug|Any CPU.ActiveCfg = Debug|Any CPU
		{D7891DC6-8007-4E20-A7EE-6274694D739A}.Debug|Any CPU.Build.0 = Debug|Any CPU
		{D7891DC6-8007-4E20-A7EE-6274694D739A}.Release|Any CPU.ActiveCfg = Release|Any CPU
		{D7891DC6-8007-4E20-A7EE-6274694D739A}.Release|Any CPU.Build.0 = Release|Any CPU
		{51DD1AEF-9F96-4A82-90AD-58D1719411FE}.Debug|Any CPU.ActiveCfg = Debug|Any CPU
		{51DD1AEF-9F96-4A82-90AD-58D1719411FE}.Debug|Any CPU.Build.0 = Debug|Any CPU
		{51DD1AEF-9F96-4A82-90AD-58D1719411FE}.Release|Any CPU.ActiveCfg = Release|Any CPU
		{51DD1AEF-9F96-4A82-90AD-58D1719411FE}.Release|Any CPU.Build.0 = Release|Any CPU
	EndGlobalSection
	GlobalSection(SolutionProperties) = preSolution
		HideSolutionNode = FALSE
	EndGlobalSection
	GlobalSection(ExtensibilityGlobals) = postSolution
		SolutionGuid = {F4B3080D-43B5-4B2D-BE71-FBCA601144A8}
	EndGlobalSection
	GlobalSection(NestedProjects) = preSolution
		{EC134C1B-79FC-47D0-8CB7-24C2429CE15F} = {868A3E62-6016-4438-B8DE-39A9CB1DEDAD}
		{8AB55EEA-7EE9-4C7D-A2EC-1753D7B006B6} = {868A3E62-6016-4438-B8DE-39A9CB1DEDAD}
		{90E83E52-4C2D-4F45-96B7-31AB16405A05} = {9DC81E2F-DB10-4B1B-B391-63A10424ADAD}
		{91E5AB1C-BA00-442D-A21F-AAAFA4A5A5EA} = {9DC81E2F-DB10-4B1B-B391-63A10424ADAD}
		{118FA9DF-2637-42D0-ADEC-49E37813F286} = {91E5AB1C-BA00-442D-A21F-AAAFA4A5A5EA}
		{7EA8732C-70D5-48CC-952D-DA327160EC02} = {9DC81E2F-DB10-4B1B-B391-63A10424ADAD}
		{D0528FB0-31D7-429D-92BB-E2C38BB9C3F4} = {7EA8732C-70D5-48CC-952D-DA327160EC02}
		{676B3C5D-3DA2-44DC-B278-5CAA7C09A74F} = {91E5AB1C-BA00-442D-A21F-AAAFA4A5A5EA}
		{E2095D75-91EF-43F9-ADF9-66BE45AD2C72} = {91E5AB1C-BA00-442D-A21F-AAAFA4A5A5EA}
		{711D8BE1-F6E8-4EBC-886D-364AEAC6E123} = {91E5AB1C-BA00-442D-A21F-AAAFA4A5A5EA}
		{A509B5A8-D447-4C41-AA52-A142455EF4B4} = {917F3DDC-D41A-4543-9F68-274961F10089}
		{78C8D021-266C-4A9E-8A91-90A5824535A2} = {8AB55EEA-7EE9-4C7D-A2EC-1753D7B006B6}
		{D7891DC6-8007-4E20-A7EE-6274694D739A} = {78C8D021-266C-4A9E-8A91-90A5824535A2}
		{51DD1AEF-9F96-4A82-90AD-58D1719411FE} = {78C8D021-266C-4A9E-8A91-90A5824535A2}
	EndGlobalSection
EndGlobal
